
Microsoft Visual Studio Solution File, Format Version 12.00
# Visual Studio Version 16
VisualStudioVersion = 25.0.1700.5
MinimumVisualStudioVersion = 10.0.40219.1
Project("{FAE04EC0-301F-11D3-BF4B-00C04F79EFBC}") = "Topten.RichTextKit", "Topten.RichTextKit.csproj", "{8E5D6B61-0F37-4A55-AE82-A8B9306E9804}"
EndProject
Global
	GlobalSection(SolutionConfigurationPlatforms) = preSolution
		Debug|Any CPU = Debug|Any CPU
		Release|Any CPU = Release|Any CPU
	EndGlobalSection
	GlobalSection(ProjectConfigurationPlatforms) = postSolution
		{8E5D6B61-0F37-4A55-AE82-A8B9306E9804}.Debug|Any CPU.ActiveCfg = Debug|Any CPU
		{8E5D6B61-0F37-4A55-AE82-A8B9306E9804}.Debug|Any CPU.Build.0 = Debug|Any CPU
		{8E5D6B61-0F37-4A55-AE82-A8B9306E9804}.Release|Any CPU.ActiveCfg = Release|Any CPU
		{8E5D6B61-0F37-4A55-AE82-A8B9306E9804}.Release|Any CPU.Build.0 = Release|Any CPU
	EndGlobalSection
	GlobalSection(SolutionProperties) = preSolution
		HideSolutionNode = FALSE
	EndGlobalSection
	GlobalSection(ExtensibilityGlobals) = postSolution
		SolutionGuid = {26F7FBCB-7D50-423E-B5DE-0E0C13E69ED5}
	EndGlobalSection
EndGlobal
